
Microsoft Visual Studio Solution File, Format Version 12.00
# Visual Studio Version 17
VisualStudioVersion = 17.0.31903.59
MinimumVisualStudioVersion = 10.0.40219.1
Project("{2150E333-8FDC-42A3-9474-1A3956D46DE8}") = "src", "src", "{82BAE81D-541E-4A18-BF35-44CDE7152B0F}"
EndProject
Project("{2150E333-8FDC-42A3-9474-1A3956D46DE8}") = "Services", "Services", "{DDC8E10C-BA55-4B32-9FFD-79E7D7D0792C}"
EndProject
Project("{2150E333-8FDC-42A3-9474-1A3956D46DE8}") = "Shared", "Shared", "{A7CC5FC7-D8DE-42D6-8BA8-F1A3A29BCEA5}"
EndProject
Project("{FAE04EC0-301F-11D3-BF4B-00C04F79EFBC}") = "PixPro.Shared", "src\Shared\PixPro.Shared\PixPro.Shared.csproj", "{04F00F1E-D2C2-4043-B27B-307430C4AA44}"
EndProject
Project("{2150E333-8FDC-42A3-9474-1A3956D46DE8}") = "Gateway", "Gateway", "{EBBFB0ED-B28A-45C1-A44E-995500469F3B}"
EndProject
Project("{FAE04EC0-301F-11D3-BF4B-00C04F79EFBC}") = "API", "src\Gateway\API\API.csproj", "{D712C29D-3AE9-4197-A64D-E8E4E56340FD}"
EndProject
Project("{2150E333-8FDC-42A3-9474-1A3956D46DE8}") = "Auth", "Auth", "{706E1707-02B4-4499-A751-32669C569FD0}"
EndProject
Project("{FAE04EC0-301F-11D3-BF4B-00C04F79EFBC}") = "API", "src\Services\Auth\API\API.csproj", "{880A8C46-ACEE-4F13-935A-3FE186753FFB}"
EndProject
Project("{FAE04EC0-301F-11D3-BF4B-00C04F79EFBC}") = "Domain", "src\Services\Auth\Domain\Domain.csproj", "{591EAB29-7ADE-4787-A6EB-C3CDFAAD19DC}"
EndProject
Project("{FAE04EC0-301F-11D3-BF4B-00C04F79EFBC}") = "Infrastructure", "src\Services\Auth\Infrastructure\Infrastructure.csproj", "{2D51683D-2F41-40F3-9C1C-F1585222DFC0}"
EndProject
Project("{2150E333-8FDC-42A3-9474-1A3956D46DE8}") = "Projects", "Projects", "{AC08855D-AEBD-42E1-BA03-86F293E00B7B}"
EndProject
Project("{FAE04EC0-301F-11D3-BF4B-00C04F79EFBC}") = "Domain", "src\Services\Projects\Domain\Domain.csproj", "{C6871D74-E2D1-4AAE-8C8B-4795D2156D04}"
EndProject
Project("{FAE04EC0-301F-11D3-BF4B-00C04F79EFBC}") = "Infrastructure", "src\Services\Projects\Infrastructure\Infrastructure.csproj", "{C742436E-D99C-4A54-B4EF-12087BCCE978}"
EndProject
Project("{FAE04EC0-301F-11D3-BF4B-00C04F79EFBC}") = "API", "src\Services\Projects\API\API.csproj", "{58F7B0D5-721B-4B52-884C-3B75B9EC224C}"
EndProject
Project("{2150E333-8FDC-42A3-9474-1A3956D46DE8}") = "Services", "Services", "{74E9A016-237B-42D5-8195-B40910C0B359}"
EndProject
Project("{2150E333-8FDC-42A3-9474-1A3956D46DE8}") = "Notifications", "Notifications", "{F4D7DE5C-F231-4745-B790-2DE5428D7961}"
EndProject
Project("{FAE04EC0-301F-11D3-BF4B-00C04F79EFBC}") = "API", "src\Services\Notifications\API\API.csproj", "{D6B92FAB-89CA-45DB-9ECC-1BCF6FAC5FF6}"
EndProject
Project("{FAE04EC0-301F-11D3-BF4B-00C04F79EFBC}") = "Domain", "src\Services\Notifications\Domain\Domain.csproj", "{24B811E0-CA60-4FDC-A12D-79E2B19AE694}"
EndProject
Project("{FAE04EC0-301F-11D3-BF4B-00C04F79EFBC}") = "Application", "src\Services\Notifications\Application\Application.csproj", "{2407DC21-803D-489E-BE33-4FC080F562A0}"
EndProject
Project("{FAE04EC0-301F-11D3-BF4B-00C04F79EFBC}") = "Infrastructure", "src\Services\Notifications\Infrastructure\Infrastructure.csproj", "{0A607BC0-ED56-45CD-B804-40855E6AC2EA}"
EndProject
Project("{2150E333-8FDC-42A3-9474-1A3956D46DE8}") = "Auth", "Auth", "{F04EC6B7-0EA2-494B-B818-12F304A66F44}"
EndProject
Project("{FAE04EC0-301F-11D3-BF4B-00C04F79EFBC}") = "Application", "src\Services\Auth\Application\Application.csproj", "{EF68A045-91E1-40B3-A0C2-3B5048CF33F1}"
EndProject
Project("{FAE04EC0-301F-11D3-BF4B-00C04F79EFBC}") = "Application", "src\Services\Projects\Application\Application.csproj", "{F0540B1B-45EC-4ADF-B473-FB0DC9B14416}"
EndProject
Project("{2150E333-8FDC-42A3-9474-1A3956D46DE8}") = "tests", "tests", "{DFD818DB-B186-490F-8F72-F0B2404BBC5A}"
EndProject
Project("{FAE04EC0-301F-11D3-BF4B-00C04F79EFBC}") = "PixPro.UnitTests", "tests\PixPro.UnitTests\PixPro.UnitTests.csproj", "{F9F4CD69-3040-4468-9183-149D2A03D024}"
EndProject
Global
	GlobalSection(SolutionConfigurationPlatforms) = preSolution
		Debug|Any CPU = Debug|Any CPU
		Release|Any CPU = Release|Any CPU
	EndGlobalSection
	GlobalSection(SolutionProperties) = preSolution
		HideSolutionNode = FALSE
	EndGlobalSection
	GlobalSection(ProjectConfigurationPlatforms) = postSolution
		{04F00F1E-D2C2-4043-B27B-307430C4AA44}.Debug|Any CPU.ActiveCfg = Debug|Any CPU
		{04F00F1E-D2C2-4043-B27B-307430C4AA44}.Debug|Any CPU.Build.0 = Debug|Any CPU
		{04F00F1E-D2C2-4043-B27B-307430C4AA44}.Release|Any CPU.ActiveCfg = Release|Any CPU
		{04F00F1E-D2C2-4043-B27B-307430C4AA44}.Release|Any CPU.Build.0 = Release|Any CPU
		{D712C29D-3AE9-4197-A64D-E8E4E56340FD}.Debug|Any CPU.ActiveCfg = Debug|Any CPU
		{D712C29D-3AE9-4197-A64D-E8E4E56340FD}.Debug|Any CPU.Build.0 = Debug|Any CPU
		{D712C29D-3AE9-4197-A64D-E8E4E56340FD}.Release|Any CPU.ActiveCfg = Release|Any CPU
		{D712C29D-3AE9-4197-A64D-E8E4E56340FD}.Release|Any CPU.Build.0 = Release|Any CPU
		{880A8C46-ACEE-4F13-935A-3FE186753FFB}.Debug|Any CPU.ActiveCfg = Debug|Any CPU
		{880A8C46-ACEE-4F13-935A-3FE186753FFB}.Debug|Any CPU.Build.0 = Debug|Any CPU
		{880A8C46-ACEE-4F13-935A-3FE186753FFB}.Release|Any CPU.ActiveCfg = Release|Any CPU
		{880A8C46-ACEE-4F13-935A-3FE186753FFB}.Release|Any CPU.Build.0 = Release|Any CPU
		{591EAB29-7ADE-4787-A6EB-C3CDFAAD19DC}.Debug|Any CPU.ActiveCfg = Debug|Any CPU
		{591EAB29-7ADE-4787-A6EB-C3CDFAAD19DC}.Debug|Any CPU.Build.0 = Debug|Any CPU
		{591EAB29-7ADE-4787-A6EB-C3CDFAAD19DC}.Release|Any CPU.ActiveCfg = Release|Any CPU
		{591EAB29-7ADE-4787-A6EB-C3CDFAAD19DC}.Release|Any CPU.Build.0 = Release|Any CPU
		{2D51683D-2F41-40F3-9C1C-F1585222DFC0}.Debug|Any CPU.ActiveCfg = Debug|Any CPU
		{2D51683D-2F41-40F3-9C1C-F1585222DFC0}.Debug|Any CPU.Build.0 = Debug|Any CPU
		{2D51683D-2F41-40F3-9C1C-F1585222DFC0}.Release|Any CPU.ActiveCfg = Release|Any CPU
		{2D51683D-2F41-40F3-9C1C-F1585222DFC0}.Release|Any CPU.Build.0 = Release|Any CPU
		{C6871D74-E2D1-4AAE-8C8B-4795D2156D04}.Debug|Any CPU.ActiveCfg = Debug|Any CPU
		{C6871D74-E2D1-4AAE-8C8B-4795D2156D04}.Debug|Any CPU.Build.0 = Debug|Any CPU
		{C6871D74-E2D1-4AAE-8C8B-4795D2156D04}.Release|Any CPU.ActiveCfg = Release|Any CPU
		{C6871D74-E2D1-4AAE-8C8B-4795D2156D04}.Release|Any CPU.Build.0 = Release|Any CPU
		{C742436E-D99C-4A54-B4EF-12087BCCE978}.Debug|Any CPU.ActiveCfg = Debug|Any CPU
		{C742436E-D99C-4A54-B4EF-12087BCCE978}.Debug|Any CPU.Build.0 = Debug|Any CPU
		{C742436E-D99C-4A54-B4EF-12087BCCE978}.Release|Any CPU.ActiveCfg = Release|Any CPU
		{C742436E-D99C-4A54-B4EF-12087BCCE978}.Release|Any CPU.Build.0 = Release|Any CPU
		{58F7B0D5-721B-4B52-884C-3B75B9EC224C}.Debug|Any CPU.ActiveCfg = Debug|Any CPU
		{58F7B0D5-721B-4B52-884C-3B75B9EC224C}.Debug|Any CPU.Build.0 = Debug|Any CPU
		{58F7B0D5-721B-4B52-884C-3B75B9EC224C}.Release|Any CPU.ActiveCfg = Release|Any CPU
		{58F7B0D5-721B-4B52-884C-3B75B9EC224C}.Release|Any CPU.Build.0 = Release|Any CPU
		{D6B92FAB-89CA-45DB-9ECC-1BCF6FAC5FF6}.Debug|Any CPU.ActiveCfg = Debug|Any CPU
		{D6B92FAB-89CA-45DB-9ECC-1BCF6FAC5FF6}.Debug|Any CPU.Build.0 = Debug|Any CPU
		{D6B92FAB-89CA-45DB-9ECC-1BCF6FAC5FF6}.Release|Any CPU.ActiveCfg = Release|Any CPU
		{D6B92FAB-89CA-45DB-9ECC-1BCF6FAC5FF6}.Release|Any CPU.Build.0 = Release|Any CPU
		{24B811E0-CA60-4FDC-A12D-79E2B19AE694}.Debug|Any CPU.ActiveCfg = Debug|Any CPU
		{24B811E0-CA60-4FDC-A12D-79E2B19AE694}.Debug|Any CPU.Build.0 = Debug|Any CPU
		{24B811E0-CA60-4FDC-A12D-79E2B19AE694}.Release|Any CPU.ActiveCfg = Release|Any CPU
		{24B811E0-CA60-4FDC-A12D-79E2B19AE694}.Release|Any CPU.Build.0 = Release|Any CPU
		{2407DC21-803D-489E-BE33-4FC080F562A0}.Debug|Any CPU.ActiveCfg = Debug|Any CPU
		{2407DC21-803D-489E-BE33-4FC080F562A0}.Debug|Any CPU.Build.0 = Debug|Any CPU
		{2407DC21-803D-489E-BE33-4FC080F562A0}.Release|Any CPU.ActiveCfg = Release|Any CPU
		{2407DC21-803D-489E-BE33-4FC080F562A0}.Release|Any CPU.Build.0 = Release|Any CPU
		{0A607BC0-ED56-45CD-B804-40855E6AC2EA}.Debug|Any CPU.ActiveCfg = Debug|Any CPU
		{0A607BC0-ED56-45CD-B804-40855E6AC2EA}.Debug|Any CPU.Build.0 = Debug|Any CPU
		{0A607BC0-ED56-45CD-B804-40855E6AC2EA}.Release|Any CPU.ActiveCfg = Release|Any CPU
		{0A607BC0-ED56-45CD-B804-40855E6AC2EA}.Release|Any CPU.Build.0 = Release|Any CPU
		{EF68A045-91E1-40B3-A0C2-3B5048CF33F1}.Debug|Any CPU.ActiveCfg = Debug|Any CPU
		{EF68A045-91E1-40B3-A0C2-3B5048CF33F1}.Debug|Any CPU.Build.0 = Debug|Any CPU
		{EF68A045-91E1-40B3-A0C2-3B5048CF33F1}.Release|Any CPU.ActiveCfg = Release|Any CPU
		{EF68A045-91E1-40B3-A0C2-3B5048CF33F1}.Release|Any CPU.Build.0 = Release|Any CPU
		{F0540B1B-45EC-4ADF-B473-FB0DC9B14416}.Debug|Any CPU.ActiveCfg = Debug|Any CPU
		{F0540B1B-45EC-4ADF-B473-FB0DC9B14416}.Debug|Any CPU.Build.0 = Debug|Any CPU
		{F0540B1B-45EC-4ADF-B473-FB0DC9B14416}.Release|Any CPU.ActiveCfg = Release|Any CPU
		{F0540B1B-45EC-4ADF-B473-FB0DC9B14416}.Release|Any CPU.Build.0 = Release|Any CPU
		{F9F4CD69-3040-4468-9183-149D2A03D024}.Debug|Any CPU.ActiveCfg = Debug|Any CPU
		{F9F4CD69-3040-4468-9183-149D2A03D024}.Debug|Any CPU.Build.0 = Debug|Any CPU
		{F9F4CD69-3040-4468-9183-149D2A03D024}.Release|Any CPU.ActiveCfg = Release|Any CPU
		{F9F4CD69-3040-4468-9183-149D2A03D024}.Release|Any CPU.Build.0 = Release|Any CPU
	EndGlobalSection
	GlobalSection(NestedProjects) = preSolution
		{DDC8E10C-BA55-4B32-9FFD-79E7D7D0792C} = {82BAE81D-541E-4A18-BF35-44CDE7152B0F}
		{A7CC5FC7-D8DE-42D6-8BA8-F1A3A29BCEA5} = {82BAE81D-541E-4A18-BF35-44CDE7152B0F}
		{04F00F1E-D2C2-4043-B27B-307430C4AA44} = {A7CC5FC7-D8DE-42D6-8BA8-F1A3A29BCEA5}
		{EBBFB0ED-B28A-45C1-A44E-995500469F3B} = {82BAE81D-541E-4A18-BF35-44CDE7152B0F}
		{D712C29D-3AE9-4197-A64D-E8E4E56340FD} = {EBBFB0ED-B28A-45C1-A44E-995500469F3B}
		{706E1707-02B4-4499-A751-32669C569FD0} = {DDC8E10C-BA55-4B32-9FFD-79E7D7D0792C}
		{880A8C46-ACEE-4F13-935A-3FE186753FFB} = {706E1707-02B4-4499-A751-32669C569FD0}
		{591EAB29-7ADE-4787-A6EB-C3CDFAAD19DC} = {706E1707-02B4-4499-A751-32669C569FD0}
		{2D51683D-2F41-40F3-9C1C-F1585222DFC0} = {706E1707-02B4-4499-A751-32669C569FD0}
		{AC08855D-AEBD-42E1-BA03-86F293E00B7B} = {DDC8E10C-BA55-4B32-9FFD-79E7D7D0792C}
		{C6871D74-E2D1-4AAE-8C8B-4795D2156D04} = {AC08855D-AEBD-42E1-BA03-86F293E00B7B}
		{C742436E-D99C-4A54-B4EF-12087BCCE978} = {AC08855D-AEBD-42E1-BA03-86F293E00B7B}
		{58F7B0D5-721B-4B52-884C-3B75B9EC224C} = {AC08855D-AEBD-42E1-BA03-86F293E00B7B}
		{F4D7DE5C-F231-4745-B790-2DE5428D7961} = {74E9A016-237B-42D5-8195-B40910C0B359}
		{D6B92FAB-89CA-45DB-9ECC-1BCF6FAC5FF6} = {F4D7DE5C-F231-4745-B790-2DE5428D7961}
		{24B811E0-CA60-4FDC-A12D-79E2B19AE694} = {F4D7DE5C-F231-4745-B790-2DE5428D7961}
		{2407DC21-803D-489E-BE33-4FC080F562A0} = {F4D7DE5C-F231-4745-B790-2DE5428D7961}
		{0A607BC0-ED56-45CD-B804-40855E6AC2EA} = {F4D7DE5C-F231-4745-B790-2DE5428D7961}
		{F04EC6B7-0EA2-494B-B818-12F304A66F44} = {74E9A016-237B-42D5-8195-B40910C0B359}
		{EF68A045-91E1-40B3-A0C2-3B5048CF33F1} = {F04EC6B7-0EA2-494B-B818-12F304A66F44}
		{F0540B1B-45EC-4ADF-B473-FB0DC9B14416} = {AC08855D-AEBD-42E1-BA03-86F293E00B7B}
		{F9F4CD69-3040-4468-9183-149D2A03D024} = {DFD818DB-B186-490F-8F72-F0B2404BBC5A}
	EndGlobalSection
EndGlobal
