
Microsoft Visual Studio Solution File, Format Version 12.00
# Visual Studio Version 17
VisualStudioVersion = 17.0.31903.59
MinimumVisualStudioVersion = 10.0.40219.1
Project("{2150E333-8FDC-42A3-9474-1A3956D46DE8}") = "src", "src", "{82BAE81D-541E-4A18-BF35-44CDE7152B0F}"
EndProject
Project("{2150E333-8FDC-42A3-9474-1A3956D46DE8}") = "Services", "Services", "{DDC8E10C-BA55-4B32-9FFD-79E7D7D0792C}"
EndProject
Project("{2150E333-8FDC-42A3-9474-1A3956D46DE8}") = "Shared", "Shared", "{A7CC5FC7-D8DE-42D6-8BA8-F1A3A29BCEA5}"
EndProject
Project("{FAE04EC0-301F-11D3-BF4B-00C04F79EFBC}") = "PixPro.Shared", "src\Shared\PixPro.Shared\PixPro.Shared.csproj", "{04F00F1E-D2C2-4043-B27B-307430C4AA44}"
EndProject
Project("{2150E333-8FDC-42A3-9474-1A3956D46DE8}") = "Gateway", "Gateway", "{EBBFB0ED-B28A-45C1-A44E-995500469F3B}"
EndProject
Project("{FAE04EC0-301F-11D3-BF4B-00C04F79EFBC}") = "API", "src\Gateway\API\API.csproj", "{D712C29D-3AE9-4197-A64D-E8E4E56340FD}"
EndProject
Project("{2150E333-8FDC-42A3-9474-1A3956D46DE8}") = "Auth", "Auth", "{706E1707-02B4-4499-A751-32669C569FD0}"
EndProject
Project("{FAE04EC0-301F-11D3-BF4B-00C04F79EFBC}") = "API", "src\Services\Auth\API\API.csproj", "{880A8C46-ACEE-4F13-935A-3FE186753FFB}"
EndProject
Global
	GlobalSection(SolutionConfigurationPlatforms) = preSolution
		Debug|Any CPU = Debug|Any CPU
		Release|Any CPU = Release|Any CPU
	EndGlobalSection
	GlobalSection(SolutionProperties) = preSolution
		HideSolutionNode = FALSE
	EndGlobalSection
	GlobalSection(ProjectConfigurationPlatforms) = postSolution
		{04F00F1E-D2C2-4043-B27B-307430C4AA44}.Debug|Any CPU.ActiveCfg = Debug|Any CPU
		{04F00F1E-D2C2-4043-B27B-307430C4AA44}.Debug|Any CPU.Build.0 = Debug|Any CPU
		{04F00F1E-D2C2-4043-B27B-307430C4AA44}.Release|Any CPU.ActiveCfg = Release|Any CPU
		{04F00F1E-D2C2-4043-B27B-307430C4AA44}.Release|Any CPU.Build.0 = Release|Any CPU
		{D712C29D-3AE9-4197-A64D-E8E4E56340FD}.Debug|Any CPU.ActiveCfg = Debug|Any CPU
		{D712C29D-3AE9-4197-A64D-E8E4E56340FD}.Debug|Any CPU.Build.0 = Debug|Any CPU
		{D712C29D-3AE9-4197-A64D-E8E4E56340FD}.Release|Any CPU.ActiveCfg = Release|Any CPU
		{D712C29D-3AE9-4197-A64D-E8E4E56340FD}.Release|Any CPU.Build.0 = Release|Any CPU
		{880A8C46-ACEE-4F13-935A-3FE186753FFB}.Debug|Any CPU.ActiveCfg = Debug|Any CPU
		{880A8C46-ACEE-4F13-935A-3FE186753FFB}.Debug|Any CPU.Build.0 = Debug|Any CPU
		{880A8C46-ACEE-4F13-935A-3FE186753FFB}.Release|Any CPU.ActiveCfg = Release|Any CPU
		{880A8C46-ACEE-4F13-935A-3FE186753FFB}.Release|Any CPU.Build.0 = Release|Any CPU
	EndGlobalSection
	GlobalSection(NestedProjects) = preSolution
		{DDC8E10C-BA55-4B32-9FFD-79E7D7D0792C} = {82BAE81D-541E-4A18-BF35-44CDE7152B0F}
		{A7CC5FC7-D8DE-42D6-8BA8-F1A3A29BCEA5} = {82BAE81D-541E-4A18-BF35-44CDE7152B0F}
		{04F00F1E-D2C2-4043-B27B-307430C4AA44} = {A7CC5FC7-D8DE-42D6-8BA8-F1A3A29BCEA5}
		{EBBFB0ED-B28A-45C1-A44E-995500469F3B} = {82BAE81D-541E-4A18-BF35-44CDE7152B0F}
		{D712C29D-3AE9-4197-A64D-E8E4E56340FD} = {EBBFB0ED-B28A-45C1-A44E-995500469F3B}
		{706E1707-02B4-4499-A751-32669C569FD0} = {DDC8E10C-BA55-4B32-9FFD-79E7D7D0792C}
		{880A8C46-ACEE-4F13-935A-3FE186753FFB} = {706E1707-02B4-4499-A751-32669C569FD0}
	EndGlobalSection
EndGlobal
