
Microsoft Visual Studio Solution File, Format Version 12.00
# Visual Studio Version 17
VisualStudioVersion = 17.0.31903.59
MinimumVisualStudioVersion = 10.0.40219.1
Project("{2150E333-8FDC-42A3-9474-1A3956D46DE8}") = "src", "src", "{82BAE81D-541E-4A18-BF35-44CDE7152B0F}"
EndProject
Project("{2150E333-8FDC-42A3-9474-1A3956D46DE8}") = "Services", "Services", "{DDC8E10C-BA55-4B32-9FFD-79E7D7D0792C}"
EndProject
Project("{2150E333-8FDC-42A3-9474-1A3956D46DE8}") = "Auth", "Auth", "{50D946C2-B3D2-48F3-83E1-629D0C9D1684}"
EndProject
Project("{FAE04EC0-301F-11D3-BF4B-00C04F79EFBC}") = "PixPro.Auth.API", "src\Services\Auth\PixPro.Auth.API\PixPro.Auth.API.csproj", "{0FD99C42-FB05-44B4-A6F2-E7E32E9C80D0}"
EndProject
Project("{FAE04EC0-301F-11D3-BF4B-00C04F79EFBC}") = "PixPro.Auth.Domain", "src\Services\Auth\PixPro.Auth.Domain\PixPro.Auth.Domain.csproj", "{E8622FEC-9037-431B-B8AA-9F1389E45D1D}"
EndProject
Project("{FAE04EC0-301F-11D3-BF4B-00C04F79EFBC}") = "PixPro.Auth.Infrastructure", "src\Services\Auth\PixPro.Auth.Infrastructure\PixPro.Auth.Infrastructure.csproj", "{C8082436-5465-440D-9E00-51BC083EB357}"
EndProject
Project("{FAE04EC0-301F-11D3-BF4B-00C04F79EFBC}") = "PixPro.Auth.Application", "src\Services\Auth\PixPro.Auth.Application\PixPro.Auth.Application.csproj", "{AF9D7F4C-13A7-40FD-9813-797956DCDBE1}"
EndProject
Project("{2150E333-8FDC-42A3-9474-1A3956D46DE8}") = "Images", "Images", "{1DFC4AD8-A36F-407B-BD05-1708BB78FE2E}"
EndProject
Project("{FAE04EC0-301F-11D3-BF4B-00C04F79EFBC}") = "PixPro.Images.API", "src\Services\Images\PixPro.Images.API\PixPro.Images.API.csproj", "{264C1B27-D2F4-44D0-BDD5-F6F9C83D69FF}"
EndProject
Project("{FAE04EC0-301F-11D3-BF4B-00C04F79EFBC}") = "PixPro.Images.Domain", "src\Services\Images\PixPro.Images.Domain\PixPro.Images.Domain.csproj", "{5622624D-74A8-4268-9C44-DE5A82A62512}"
EndProject
Project("{FAE04EC0-301F-11D3-BF4B-00C04F79EFBC}") = "PixPro.Images.Infrastructure", "src\Services\Images\PixPro.Images.Infrastructure\PixPro.Images.Infrastructure.csproj", "{14F47B4F-22F8-4FF5-B529-FDF5EFEAF3E5}"
EndProject
Project("{FAE04EC0-301F-11D3-BF4B-00C04F79EFBC}") = "PixPro.Images.Application", "src\Services\Images\PixPro.Images.Application\PixPro.Images.Application.csproj", "{F027C9AA-A16C-40FB-8F1A-F8426DA1102D}"
EndProject
Project("{2150E333-8FDC-42A3-9474-1A3956D46DE8}") = "Processing", "Processing", "{9497ACE8-0F82-4E12-AF0A-519CACD09683}"
EndProject
Project("{FAE04EC0-301F-11D3-BF4B-00C04F79EFBC}") = "PixPro.Processing.API", "src\Services\Processing\PixPro.Processing.API\PixPro.Processing.API.csproj", "{0F14B32A-032C-42DB-B03E-8C55D9DEC539}"
EndProject
Project("{FAE04EC0-301F-11D3-BF4B-00C04F79EFBC}") = "PixPro.Processing.Domain", "src\Services\Processing\PixPro.Processing.Domain\PixPro.Processing.Domain.csproj", "{269C4D9D-E4FE-43E8-9A1E-889CBEE80AE6}"
EndProject
Project("{FAE04EC0-301F-11D3-BF4B-00C04F79EFBC}") = "PixPro.Processing.Infrastructure", "src\Services\Processing\PixPro.Processing.Infrastructure\PixPro.Processing.Infrastructure.csproj", "{4ECED5AA-C333-4639-9B33-72B08DF0BBDB}"
EndProject
Project("{FAE04EC0-301F-11D3-BF4B-00C04F79EFBC}") = "PixPro.Processing.Application", "src\Services\Processing\PixPro.Processing.Application\PixPro.Processing.Application.csproj", "{A25F7B66-88E8-4853-9F63-662E71131E7B}"
EndProject
Project("{2150E333-8FDC-42A3-9474-1A3956D46DE8}") = "Notifications", "Notifications", "{B33D3B92-88A0-4D47-AD38-24A4351926AD}"
EndProject
Project("{FAE04EC0-301F-11D3-BF4B-00C04F79EFBC}") = "PixPro.Notifications.API", "src\Services\Notifications\PixPro.Notifications.API\PixPro.Notifications.API.csproj", "{0AD898ED-A740-43B8-8980-7753E0365949}"
EndProject
Project("{FAE04EC0-301F-11D3-BF4B-00C04F79EFBC}") = "PixPro.Notifications.Domain", "src\Services\Notifications\PixPro.Notifications.Domain\PixPro.Notifications.Domain.csproj", "{4F298CB5-87C2-426C-9824-13F6AB94CAD2}"
EndProject
Project("{FAE04EC0-301F-11D3-BF4B-00C04F79EFBC}") = "PixPro.Notifications.Infrastructure", "src\Services\Notifications\PixPro.Notifications.Infrastructure\PixPro.Notifications.Infrastructure.csproj", "{A9ACB4FD-81B0-4A56-9EFA-4A6D88A2EC2F}"
EndProject
Project("{FAE04EC0-301F-11D3-BF4B-00C04F79EFBC}") = "PixPro.Notifications.Application", "src\Services\Notifications\PixPro.Notifications.Application\PixPro.Notifications.Application.csproj", "{3BEAF9D2-ACC3-4C9C-964F-C1EB33099BFE}"
EndProject
Project("{2150E333-8FDC-42A3-9474-1A3956D46DE8}") = "Shared", "Shared", "{A7CC5FC7-D8DE-42D6-8BA8-F1A3A29BCEA5}"
EndProject
Project("{FAE04EC0-301F-11D3-BF4B-00C04F79EFBC}") = "PixPro.Shared", "src\Shared\PixPro.Shared\PixPro.Shared.csproj", "{04F00F1E-D2C2-4043-B27B-307430C4AA44}"
EndProject
Project("{2150E333-8FDC-42A3-9474-1A3956D46DE8}") = "Gateway", "Gateway", "{EBBFB0ED-B28A-45C1-A44E-995500469F3B}"
EndProject
Project("{FAE04EC0-301F-11D3-BF4B-00C04F79EFBC}") = "PixPro.Gateway.API", "src\Gateway\PixPro.Gateway.API\PixPro.Gateway.API.csproj", "{D712C29D-3AE9-4197-A64D-E8E4E56340FD}"
EndProject
Global
	GlobalSection(SolutionConfigurationPlatforms) = preSolution
		Debug|Any CPU = Debug|Any CPU
		Release|Any CPU = Release|Any CPU
	EndGlobalSection
	GlobalSection(SolutionProperties) = preSolution
		HideSolutionNode = FALSE
	EndGlobalSection
	GlobalSection(ProjectConfigurationPlatforms) = postSolution
		{0FD99C42-FB05-44B4-A6F2-E7E32E9C80D0}.Debug|Any CPU.ActiveCfg = Debug|Any CPU
		{0FD99C42-FB05-44B4-A6F2-E7E32E9C80D0}.Debug|Any CPU.Build.0 = Debug|Any CPU
		{0FD99C42-FB05-44B4-A6F2-E7E32E9C80D0}.Release|Any CPU.ActiveCfg = Release|Any CPU
		{0FD99C42-FB05-44B4-A6F2-E7E32E9C80D0}.Release|Any CPU.Build.0 = Release|Any CPU
		{E8622FEC-9037-431B-B8AA-9F1389E45D1D}.Debug|Any CPU.ActiveCfg = Debug|Any CPU
		{E8622FEC-9037-431B-B8AA-9F1389E45D1D}.Debug|Any CPU.Build.0 = Debug|Any CPU
		{E8622FEC-9037-431B-B8AA-9F1389E45D1D}.Release|Any CPU.ActiveCfg = Release|Any CPU
		{E8622FEC-9037-431B-B8AA-9F1389E45D1D}.Release|Any CPU.Build.0 = Release|Any CPU
		{C8082436-5465-440D-9E00-51BC083EB357}.Debug|Any CPU.ActiveCfg = Debug|Any CPU
		{C8082436-5465-440D-9E00-51BC083EB357}.Debug|Any CPU.Build.0 = Debug|Any CPU
		{C8082436-5465-440D-9E00-51BC083EB357}.Release|Any CPU.ActiveCfg = Release|Any CPU
		{C8082436-5465-440D-9E00-51BC083EB357}.Release|Any CPU.Build.0 = Release|Any CPU
		{AF9D7F4C-13A7-40FD-9813-797956DCDBE1}.Debug|Any CPU.ActiveCfg = Debug|Any CPU
		{AF9D7F4C-13A7-40FD-9813-797956DCDBE1}.Debug|Any CPU.Build.0 = Debug|Any CPU
		{AF9D7F4C-13A7-40FD-9813-797956DCDBE1}.Release|Any CPU.ActiveCfg = Release|Any CPU
		{AF9D7F4C-13A7-40FD-9813-797956DCDBE1}.Release|Any CPU.Build.0 = Release|Any CPU
		{264C1B27-D2F4-44D0-BDD5-F6F9C83D69FF}.Debug|Any CPU.ActiveCfg = Debug|Any CPU
		{264C1B27-D2F4-44D0-BDD5-F6F9C83D69FF}.Debug|Any CPU.Build.0 = Debug|Any CPU
		{264C1B27-D2F4-44D0-BDD5-F6F9C83D69FF}.Release|Any CPU.ActiveCfg = Release|Any CPU
		{264C1B27-D2F4-44D0-BDD5-F6F9C83D69FF}.Release|Any CPU.Build.0 = Release|Any CPU
		{5622624D-74A8-4268-9C44-DE5A82A62512}.Debug|Any CPU.ActiveCfg = Debug|Any CPU
		{5622624D-74A8-4268-9C44-DE5A82A62512}.Debug|Any CPU.Build.0 = Debug|Any CPU
		{5622624D-74A8-4268-9C44-DE5A82A62512}.Release|Any CPU.ActiveCfg = Release|Any CPU
		{5622624D-74A8-4268-9C44-DE5A82A62512}.Release|Any CPU.Build.0 = Release|Any CPU
		{14F47B4F-22F8-4FF5-B529-FDF5EFEAF3E5}.Debug|Any CPU.ActiveCfg = Debug|Any CPU
		{14F47B4F-22F8-4FF5-B529-FDF5EFEAF3E5}.Debug|Any CPU.Build.0 = Debug|Any CPU
		{14F47B4F-22F8-4FF5-B529-FDF5EFEAF3E5}.Release|Any CPU.ActiveCfg = Release|Any CPU
		{14F47B4F-22F8-4FF5-B529-FDF5EFEAF3E5}.Release|Any CPU.Build.0 = Release|Any CPU
		{F027C9AA-A16C-40FB-8F1A-F8426DA1102D}.Debug|Any CPU.ActiveCfg = Debug|Any CPU
		{F027C9AA-A16C-40FB-8F1A-F8426DA1102D}.Debug|Any CPU.Build.0 = Debug|Any CPU
		{F027C9AA-A16C-40FB-8F1A-F8426DA1102D}.Release|Any CPU.ActiveCfg = Release|Any CPU
		{F027C9AA-A16C-40FB-8F1A-F8426DA1102D}.Release|Any CPU.Build.0 = Release|Any CPU
		{0F14B32A-032C-42DB-B03E-8C55D9DEC539}.Debug|Any CPU.ActiveCfg = Debug|Any CPU
		{0F14B32A-032C-42DB-B03E-8C55D9DEC539}.Debug|Any CPU.Build.0 = Debug|Any CPU
		{0F14B32A-032C-42DB-B03E-8C55D9DEC539}.Release|Any CPU.ActiveCfg = Release|Any CPU
		{0F14B32A-032C-42DB-B03E-8C55D9DEC539}.Release|Any CPU.Build.0 = Release|Any CPU
		{269C4D9D-E4FE-43E8-9A1E-889CBEE80AE6}.Debug|Any CPU.ActiveCfg = Debug|Any CPU
		{269C4D9D-E4FE-43E8-9A1E-889CBEE80AE6}.Debug|Any CPU.Build.0 = Debug|Any CPU
		{269C4D9D-E4FE-43E8-9A1E-889CBEE80AE6}.Release|Any CPU.ActiveCfg = Release|Any CPU
		{269C4D9D-E4FE-43E8-9A1E-889CBEE80AE6}.Release|Any CPU.Build.0 = Release|Any CPU
		{4ECED5AA-C333-4639-9B33-72B08DF0BBDB}.Debug|Any CPU.ActiveCfg = Debug|Any CPU
		{4ECED5AA-C333-4639-9B33-72B08DF0BBDB}.Debug|Any CPU.Build.0 = Debug|Any CPU
		{4ECED5AA-C333-4639-9B33-72B08DF0BBDB}.Release|Any CPU.ActiveCfg = Release|Any CPU
		{4ECED5AA-C333-4639-9B33-72B08DF0BBDB}.Release|Any CPU.Build.0 = Release|Any CPU
		{A25F7B66-88E8-4853-9F63-662E71131E7B}.Debug|Any CPU.ActiveCfg = Debug|Any CPU
		{A25F7B66-88E8-4853-9F63-662E71131E7B}.Debug|Any CPU.Build.0 = Debug|Any CPU
		{A25F7B66-88E8-4853-9F63-662E71131E7B}.Release|Any CPU.ActiveCfg = Release|Any CPU
		{A25F7B66-88E8-4853-9F63-662E71131E7B}.Release|Any CPU.Build.0 = Release|Any CPU
		{0AD898ED-A740-43B8-8980-7753E0365949}.Debug|Any CPU.ActiveCfg = Debug|Any CPU
		{0AD898ED-A740-43B8-8980-7753E0365949}.Debug|Any CPU.Build.0 = Debug|Any CPU
		{0AD898ED-A740-43B8-8980-7753E0365949}.Release|Any CPU.ActiveCfg = Release|Any CPU
		{0AD898ED-A740-43B8-8980-7753E0365949}.Release|Any CPU.Build.0 = Release|Any CPU
		{4F298CB5-87C2-426C-9824-13F6AB94CAD2}.Debug|Any CPU.ActiveCfg = Debug|Any CPU
		{4F298CB5-87C2-426C-9824-13F6AB94CAD2}.Debug|Any CPU.Build.0 = Debug|Any CPU
		{4F298CB5-87C2-426C-9824-13F6AB94CAD2}.Release|Any CPU.ActiveCfg = Release|Any CPU
		{4F298CB5-87C2-426C-9824-13F6AB94CAD2}.Release|Any CPU.Build.0 = Release|Any CPU
		{A9ACB4FD-81B0-4A56-9EFA-4A6D88A2EC2F}.Debug|Any CPU.ActiveCfg = Debug|Any CPU
		{A9ACB4FD-81B0-4A56-9EFA-4A6D88A2EC2F}.Debug|Any CPU.Build.0 = Debug|Any CPU
		{A9ACB4FD-81B0-4A56-9EFA-4A6D88A2EC2F}.Release|Any CPU.ActiveCfg = Release|Any CPU
		{A9ACB4FD-81B0-4A56-9EFA-4A6D88A2EC2F}.Release|Any CPU.Build.0 = Release|Any CPU
		{3BEAF9D2-ACC3-4C9C-964F-C1EB33099BFE}.Debug|Any CPU.ActiveCfg = Debug|Any CPU
		{3BEAF9D2-ACC3-4C9C-964F-C1EB33099BFE}.Debug|Any CPU.Build.0 = Debug|Any CPU
		{3BEAF9D2-ACC3-4C9C-964F-C1EB33099BFE}.Release|Any CPU.ActiveCfg = Release|Any CPU
		{3BEAF9D2-ACC3-4C9C-964F-C1EB33099BFE}.Release|Any CPU.Build.0 = Release|Any CPU
		{04F00F1E-D2C2-4043-B27B-307430C4AA44}.Debug|Any CPU.ActiveCfg = Debug|Any CPU
		{04F00F1E-D2C2-4043-B27B-307430C4AA44}.Debug|Any CPU.Build.0 = Debug|Any CPU
		{04F00F1E-D2C2-4043-B27B-307430C4AA44}.Release|Any CPU.ActiveCfg = Release|Any CPU
		{04F00F1E-D2C2-4043-B27B-307430C4AA44}.Release|Any CPU.Build.0 = Release|Any CPU
		{D712C29D-3AE9-4197-A64D-E8E4E56340FD}.Debug|Any CPU.ActiveCfg = Debug|Any CPU
		{D712C29D-3AE9-4197-A64D-E8E4E56340FD}.Debug|Any CPU.Build.0 = Debug|Any CPU
		{D712C29D-3AE9-4197-A64D-E8E4E56340FD}.Release|Any CPU.ActiveCfg = Release|Any CPU
		{D712C29D-3AE9-4197-A64D-E8E4E56340FD}.Release|Any CPU.Build.0 = Release|Any CPU
	EndGlobalSection
	GlobalSection(NestedProjects) = preSolution
		{DDC8E10C-BA55-4B32-9FFD-79E7D7D0792C} = {82BAE81D-541E-4A18-BF35-44CDE7152B0F}
		{50D946C2-B3D2-48F3-83E1-629D0C9D1684} = {DDC8E10C-BA55-4B32-9FFD-79E7D7D0792C}
		{0FD99C42-FB05-44B4-A6F2-E7E32E9C80D0} = {50D946C2-B3D2-48F3-83E1-629D0C9D1684}
		{E8622FEC-9037-431B-B8AA-9F1389E45D1D} = {50D946C2-B3D2-48F3-83E1-629D0C9D1684}
		{C8082436-5465-440D-9E00-51BC083EB357} = {50D946C2-B3D2-48F3-83E1-629D0C9D1684}
		{AF9D7F4C-13A7-40FD-9813-797956DCDBE1} = {50D946C2-B3D2-48F3-83E1-629D0C9D1684}
		{1DFC4AD8-A36F-407B-BD05-1708BB78FE2E} = {DDC8E10C-BA55-4B32-9FFD-79E7D7D0792C}
		{264C1B27-D2F4-44D0-BDD5-F6F9C83D69FF} = {1DFC4AD8-A36F-407B-BD05-1708BB78FE2E}
		{5622624D-74A8-4268-9C44-DE5A82A62512} = {1DFC4AD8-A36F-407B-BD05-1708BB78FE2E}
		{14F47B4F-22F8-4FF5-B529-FDF5EFEAF3E5} = {1DFC4AD8-A36F-407B-BD05-1708BB78FE2E}
		{F027C9AA-A16C-40FB-8F1A-F8426DA1102D} = {1DFC4AD8-A36F-407B-BD05-1708BB78FE2E}
		{9497ACE8-0F82-4E12-AF0A-519CACD09683} = {DDC8E10C-BA55-4B32-9FFD-79E7D7D0792C}
		{0F14B32A-032C-42DB-B03E-8C55D9DEC539} = {9497ACE8-0F82-4E12-AF0A-519CACD09683}
		{269C4D9D-E4FE-43E8-9A1E-889CBEE80AE6} = {9497ACE8-0F82-4E12-AF0A-519CACD09683}
		{4ECED5AA-C333-4639-9B33-72B08DF0BBDB} = {9497ACE8-0F82-4E12-AF0A-519CACD09683}
		{A25F7B66-88E8-4853-9F63-662E71131E7B} = {9497ACE8-0F82-4E12-AF0A-519CACD09683}
		{B33D3B92-88A0-4D47-AD38-24A4351926AD} = {DDC8E10C-BA55-4B32-9FFD-79E7D7D0792C}
		{0AD898ED-A740-43B8-8980-7753E0365949} = {B33D3B92-88A0-4D47-AD38-24A4351926AD}
		{4F298CB5-87C2-426C-9824-13F6AB94CAD2} = {B33D3B92-88A0-4D47-AD38-24A4351926AD}
		{A9ACB4FD-81B0-4A56-9EFA-4A6D88A2EC2F} = {B33D3B92-88A0-4D47-AD38-24A4351926AD}
		{3BEAF9D2-ACC3-4C9C-964F-C1EB33099BFE} = {B33D3B92-88A0-4D47-AD38-24A4351926AD}
		{A7CC5FC7-D8DE-42D6-8BA8-F1A3A29BCEA5} = {82BAE81D-541E-4A18-BF35-44CDE7152B0F}
		{04F00F1E-D2C2-4043-B27B-307430C4AA44} = {A7CC5FC7-D8DE-42D6-8BA8-F1A3A29BCEA5}
		{EBBFB0ED-B28A-45C1-A44E-995500469F3B} = {82BAE81D-541E-4A18-BF35-44CDE7152B0F}
		{D712C29D-3AE9-4197-A64D-E8E4E56340FD} = {EBBFB0ED-B28A-45C1-A44E-995500469F3B}
	EndGlobalSection
EndGlobal
